
Microsoft Visual Studio Solution File, Format Version 12.00
# Visual Studio Version 17
VisualStudioVersion = 17.13.35931.197 d17.13
MinimumVisualStudioVersion = 10.0.40219.1
Project("{54A90642-561A-4BB1-A94E-469ADEE60C69}") = "textmatchapp", "TextMatchApp\textmatchapp.esproj", "{61A75484-3DE4-9910-C084-6E5746ACA7FE}"
EndProject
Global
	GlobalSection(SolutionConfigurationPlatforms) = preSolution
		Debug|Any CPU = Debug|Any CPU
		Release|Any CPU = Release|Any CPU
	EndGlobalSection
	GlobalSection(ProjectConfigurationPlatforms) = postSolution
		{61A75484-3DE4-9910-C084-6E5746ACA7FE}.Debug|Any CPU.ActiveCfg = Debug|Any CPU
		{61A75484-3DE4-9910-C084-6E5746ACA7FE}.Debug|Any CPU.Build.0 = Debug|Any CPU
		{61A75484-3DE4-9910-C084-6E5746ACA7FE}.Debug|Any CPU.Deploy.0 = Debug|Any CPU
		{61A75484-3DE4-9910-C084-6E5746ACA7FE}.Release|Any CPU.ActiveCfg = Release|Any CPU
		{61A75484-3DE4-9910-C084-6E5746ACA7FE}.Release|Any CPU.Build.0 = Release|Any CPU
		{61A75484-3DE4-9910-C084-6E5746ACA7FE}.Release|Any CPU.Deploy.0 = Release|Any CPU
	EndGlobalSection
	GlobalSection(SolutionProperties) = preSolution
		HideSolutionNode = FALSE
	EndGlobalSection
	GlobalSection(ExtensibilityGlobals) = postSolution
		SolutionGuid = {4B17CC99-E564-4ED4-88E1-BEFB00717A3F}
	EndGlobalSection
EndGlobal
